
Microsoft Visual Studio Solution File, Format Version 12.00
# Visual Studio Version 17
VisualStudioVersion = 17.0.32014.148
MinimumVisualStudioVersion = 10.0.40219.1
Project("{FAE04EC0-301F-11D3-BF4B-00C04F79EFBC}") = "DemoJwtApp", "DemoJwtApp\DemoJwtApp.csproj", "{05B46298-86E5-4710-B545-E4AC643A7ED2}"
EndProject
Global
	GlobalSection(SolutionConfigurationPlatforms) = preSolution
		Debug|Any CPU = Debug|Any CPU
		Release|Any CPU = Release|Any CPU
	EndGlobalSection
	GlobalSection(ProjectConfigurationPlatforms) = postSolution
		{05B46298-86E5-4710-B545-E4AC643A7ED2}.Debug|Any CPU.ActiveCfg = Debug|Any CPU
		{05B46298-86E5-4710-B545-E4AC643A7ED2}.Debug|Any CPU.Build.0 = Debug|Any CPU
		{05B46298-86E5-4710-B545-E4AC643A7ED2}.Release|Any CPU.ActiveCfg = Release|Any CPU
		{05B46298-86E5-4710-B545-E4AC643A7ED2}.Release|Any CPU.Build.0 = Release|Any CPU
	EndGlobalSection
	GlobalSection(SolutionProperties) = preSolution
		HideSolutionNode = FALSE
	EndGlobalSection
	GlobalSection(ExtensibilityGlobals) = postSolution
		SolutionGuid = {A1F2FDE5-EDAF-4784-9900-1037E65B4C81}
	EndGlobalSection
EndGlobal
